
Microsoft Visual Studio Solution File, Format Version 12.00
# Visual Studio 15
VisualStudioVersion = 15.0.28307.572
MinimumVisualStudioVersion = 10.0.40219.1
Project("{888888A0-9F3D-457C-B088-3A5042F75D52}") = "PythonTest", "PythonTest\PythonTest.pyproj", "{E9F1D208-077D-45E9-87B8-F6F8C68252FC}"
EndProject
Global
	GlobalSection(SolutionConfigurationPlatforms) = preSolution
		Debug|Any CPU = Debug|Any CPU
		Release|Any CPU = Release|Any CPU
	EndGlobalSection
	GlobalSection(ProjectConfigurationPlatforms) = postSolution
		{E9F1D208-077D-45E9-87B8-F6F8C68252FC}.Debug|Any CPU.ActiveCfg = Debug|Any CPU
		{E9F1D208-077D-45E9-87B8-F6F8C68252FC}.Release|Any CPU.ActiveCfg = Release|Any CPU
	EndGlobalSection
	GlobalSection(SolutionProperties) = preSolution
		HideSolutionNode = FALSE
	EndGlobalSection
	GlobalSection(ExtensibilityGlobals) = postSolution
		SolutionGuid = {3E1252A1-35CB-496B-9263-5EE4E4601614}
	EndGlobalSection
EndGlobal
